// !$*UTF8*$!
{
	archiveVersion = 1;
	classes = {
	};
	objectVersion = 55;
	objects = {

/* Begin PBXBuildFile section */
		55063DAA28F724E6008782E1 /* AuthViewController.swift in Sources */ = {isa = PBXBuildFile; fileRef = 55063DA928F724E6008782E1 /* AuthViewController.swift */; };
		55063DAD28F72D48008782E1 /* WebViewViewController.swift in Sources */ = {isa = PBXBuildFile; fileRef = 55063DAC28F72D48008782E1 /* WebViewViewController.swift */; };
		7D3DFB1528DDF696005A13F3 /* ImagesListCell.swift in Sources */ = {isa = PBXBuildFile; fileRef = 7D3DFB1328DDF696005A13F3 /* ImagesListCell.swift */; };
		7D3DFB1628DDF696005A13F3 /* ImagesListViewController.swift in Sources */ = {isa = PBXBuildFile; fileRef = 7D3DFB1428DDF696005A13F3 /* ImagesListViewController.swift */; };
		7D9CFA4328DDEE7F00D971A7 /* AppDelegate.swift in Sources */ = {isa = PBXBuildFile; fileRef = 7D9CFA4228DDEE7F00D971A7 /* AppDelegate.swift */; };
		7D9CFA4528DDEE7F00D971A7 /* SceneDelegate.swift in Sources */ = {isa = PBXBuildFile; fileRef = 7D9CFA4428DDEE7F00D971A7 /* SceneDelegate.swift */; };
		7D9CFA4A28DDEE7F00D971A7 /* Main.storyboard in Resources */ = {isa = PBXBuildFile; fileRef = 7D9CFA4828DDEE7F00D971A7 /* Main.storyboard */; };
		7D9CFA4C28DDEE8000D971A7 /* Assets.xcassets in Resources */ = {isa = PBXBuildFile; fileRef = 7D9CFA4B28DDEE8000D971A7 /* Assets.xcassets */; };
		7D9CFA4F28DDEE8000D971A7 /* LaunchScreen.storyboard in Resources */ = {isa = PBXBuildFile; fileRef = 7D9CFA4D28DDEE8000D971A7 /* LaunchScreen.storyboard */; };
		8F83109D28E459BD00BA471F /* ProfileViewController.swift in Sources */ = {isa = PBXBuildFile; fileRef = 8F83109C28E459BD00BA471F /* ProfileViewController.swift */; };
		8F8310A028E4D0C300BA471F /* SingleImageViewController.swift in Sources */ = {isa = PBXBuildFile; fileRef = 8F83109F28E4D0C300BA471F /* SingleImageViewController.swift */; };
		8FB291B52902C12000A53129 /* AuthConfiguration.swift in Sources */ = {isa = PBXBuildFile; fileRef = 8FB291B42902C12000A53129 /* AuthConfiguration.swift */; };
		8FB291B92902DA2100A53129 /* OAuth2Service.swift in Sources */ = {isa = PBXBuildFile; fileRef = 8FB291B82902DA2100A53129 /* OAuth2Service.swift */; };
		8FB291BB2902DA4C00A53129 /* OAuth2TokenStorage.swift in Sources */ = {isa = PBXBuildFile; fileRef = 8FB291BA2902DA4C00A53129 /* OAuth2TokenStorage.swift */; };
		8FB291BE2902DAB100A53129 /* SplashViewController.swift in Sources */ = {isa = PBXBuildFile; fileRef = 8FB291BD2902DAB100A53129 /* SplashViewController.swift */; };
		CA73A82D2987131B0010E04D /* WebViewTests.swift in Sources */ = {isa = PBXBuildFile; fileRef = CA73A82C2987131B0010E04D /* WebViewTests.swift */; };
		CA73A834298713B20010E04D /* WebViewPresenterSpy.swift in Sources */ = {isa = PBXBuildFile; fileRef = CA73A833298713B20010E04D /* WebViewPresenterSpy.swift */; };
		CA73A836298713D30010E04D /* WebViewViewControllerSpy.swift in Sources */ = {isa = PBXBuildFile; fileRef = CA73A835298713D30010E04D /* WebViewViewControllerSpy.swift */; };
		CA73A838298714080010E04D /* ProfileViewTests.swift in Sources */ = {isa = PBXBuildFile; fileRef = CA73A837298714080010E04D /* ProfileViewTests.swift */; };
		CA73A83A298714660010E04D /* AuthHelper.swift in Sources */ = {isa = PBXBuildFile; fileRef = CA73A839298714660010E04D /* AuthHelper.swift */; };
		CA73A83C2987148E0010E04D /* AnimationsHelper.swift in Sources */ = {isa = PBXBuildFile; fileRef = CA73A83B2987148E0010E04D /* AnimationsHelper.swift */; };
		CA73A83E298715CD0010E04D /* WebViewPresenter.swift in Sources */ = {isa = PBXBuildFile; fileRef = CA73A83D298715CD0010E04D /* WebViewPresenter.swift */; };
		CA73A84029871AB60010E04D /* ProfileViewPresenter.swift in Sources */ = {isa = PBXBuildFile; fileRef = CA73A83F29871AB60010E04D /* ProfileViewPresenter.swift */; };
		CAA86CE0293E9CF900AB28D1 /* ApiErrorResponse.swift in Sources */ = {isa = PBXBuildFile; fileRef = CAA86CDE293E9CF900AB28D1 /* ApiErrorResponse.swift */; };
		CAA86CE1293E9CF900AB28D1 /* OAuthTokenResponseBody.swift in Sources */ = {isa = PBXBuildFile; fileRef = CAA86CDF293E9CF900AB28D1 /* OAuthTokenResponseBody.swift */; };
		CAB6642C296E121B00D782A8 /* ImageURL.swift in Sources */ = {isa = PBXBuildFile; fileRef = CAB6642B296E121B00D782A8 /* ImageURL.swift */; };
		CAB6642E296E12CC00D782A8 /* Photo.swift in Sources */ = {isa = PBXBuildFile; fileRef = CAB6642D296E12CC00D782A8 /* Photo.swift */; };
		CAB66430296E131D00D782A8 /* PhotoResult.swift in Sources */ = {isa = PBXBuildFile; fileRef = CAB6642F296E131D00D782A8 /* PhotoResult.swift */; };
		CAB6649C296E1B9100D782A8 /* ProfileImage.swift in Sources */ = {isa = PBXBuildFile; fileRef = CAB66497296E1B9100D782A8 /* ProfileImage.swift */; };
		CAB6649D296E1B9100D782A8 /* ProfileResult.swift in Sources */ = {isa = PBXBuildFile; fileRef = CAB66498296E1B9100D782A8 /* ProfileResult.swift */; };
		CAB6649E296E1B9100D782A8 /* LikedPhotoResult.swift in Sources */ = {isa = PBXBuildFile; fileRef = CAB66499296E1B9100D782A8 /* LikedPhotoResult.swift */; };
		CAB6649F296E1B9100D782A8 /* UserResult.swift in Sources */ = {isa = PBXBuildFile; fileRef = CAB6649A296E1B9100D782A8 /* UserResult.swift */; };
		CAB664A0296E1B9100D782A8 /* Profile.swift in Sources */ = {isa = PBXBuildFile; fileRef = CAB6649B296E1B9100D782A8 /* Profile.swift */; };
		CAB664A2296E1E3D00D782A8 /* ImagesListService.swift in Sources */ = {isa = PBXBuildFile; fileRef = CAB664A1296E1E3D00D782A8 /* ImagesListService.swift */; };
		CAD94D8B2967743D00D4C234 /* Kingfisher in Frameworks */ = {isa = PBXBuildFile; productRef = CAD94D8A2967743D00D4C234 /* Kingfisher */; };
		CAD94D8E2967745700D4C234 /* SwiftKeychainWrapper in Frameworks */ = {isa = PBXBuildFile; productRef = CAD94D8D2967745700D4C234 /* SwiftKeychainWrapper */; };
		CAD94D90296774AA00D4C234 /* AlertPresenter.swift in Sources */ = {isa = PBXBuildFile; fileRef = CAD94D8F296774AA00D4C234 /* AlertPresenter.swift */; };
		CAD94D952967754A00D4C234 /* UIBlockingProgressHUD.swift in Sources */ = {isa = PBXBuildFile; fileRef = CAD94D932967754A00D4C234 /* UIBlockingProgressHUD.swift */; };
		CAD94D982967780B00D4C234 /* ProfileService.swift in Sources */ = {isa = PBXBuildFile; fileRef = CAD94D972967780B00D4C234 /* ProfileService.swift */; };
		CAD94D9A2967783300D4C234 /* ProfileImageService.swift in Sources */ = {isa = PBXBuildFile; fileRef = CAD94D992967783300D4C234 /* ProfileImageService.swift */; };
		CAD94D9B2967794F00D4C234 /* ConvertProfile.swift in Sources */ = {isa = PBXBuildFile; fileRef = CAD94D942967754A00D4C234 /* ConvertProfile.swift */; };
		CAE51FCC294A6DB3001F0955 /* ProgressHUD in Frameworks */ = {isa = PBXBuildFile; productRef = CAE51FCB294A6DB3001F0955 /* ProgressHUD */; };
/* End PBXBuildFile section */

/* Begin PBXContainerItemProxy section */
		CA73A82E2987131B0010E04D /* PBXContainerItemProxy */ = {
			isa = PBXContainerItemProxy;
			containerPortal = 7D9CFA3728DDEE7F00D971A7 /* Project object */;
			proxyType = 1;
			remoteGlobalIDString = 7D9CFA3E28DDEE7F00D971A7;
			remoteInfo = "Image Feed";
		};
/* End PBXContainerItemProxy section */

/* Begin PBXFileReference section */
		55063DA928F724E6008782E1 /* AuthViewController.swift */ = {isa = PBXFileReference; lastKnownFileType = sourcecode.swift; path = AuthViewController.swift; sourceTree = "<group>"; };
		55063DAC28F72D48008782E1 /* WebViewViewController.swift */ = {isa = PBXFileReference; lastKnownFileType = sourcecode.swift; path = WebViewViewController.swift; sourceTree = "<group>"; };
		7D3DFB1328DDF696005A13F3 /* ImagesListCell.swift */ = {isa = PBXFileReference; fileEncoding = 4; lastKnownFileType = sourcecode.swift; path = ImagesListCell.swift; sourceTree = "<group>"; };
		7D3DFB1428DDF696005A13F3 /* ImagesListViewController.swift */ = {isa = PBXFileReference; fileEncoding = 4; lastKnownFileType = sourcecode.swift; path = ImagesListViewController.swift; sourceTree = "<group>"; };
		7D9CFA3F28DDEE7F00D971A7 /* Image Feed.app */ = {isa = PBXFileReference; explicitFileType = wrapper.application; includeInIndex = 0; path = "Image Feed.app"; sourceTree = BUILT_PRODUCTS_DIR; };
		7D9CFA4228DDEE7F00D971A7 /* AppDelegate.swift */ = {isa = PBXFileReference; lastKnownFileType = sourcecode.swift; path = AppDelegate.swift; sourceTree = "<group>"; };
		7D9CFA4428DDEE7F00D971A7 /* SceneDelegate.swift */ = {isa = PBXFileReference; lastKnownFileType = sourcecode.swift; path = SceneDelegate.swift; sourceTree = "<group>"; };
		7D9CFA4928DDEE7F00D971A7 /* Base */ = {isa = PBXFileReference; lastKnownFileType = file.storyboard; name = Base; path = Base.lproj/Main.storyboard; sourceTree = "<group>"; };
		7D9CFA4B28DDEE8000D971A7 /* Assets.xcassets */ = {isa = PBXFileReference; lastKnownFileType = folder.assetcatalog; path = Assets.xcassets; sourceTree = "<group>"; };
		7D9CFA4E28DDEE8000D971A7 /* Base */ = {isa = PBXFileReference; lastKnownFileType = file.storyboard; name = Base; path = Base.lproj/LaunchScreen.storyboard; sourceTree = "<group>"; };
		7D9CFA5028DDEE8000D971A7 /* Info.plist */ = {isa = PBXFileReference; lastKnownFileType = text.plist.xml; path = Info.plist; sourceTree = "<group>"; };
		8F83109C28E459BD00BA471F /* ProfileViewController.swift */ = {isa = PBXFileReference; lastKnownFileType = sourcecode.swift; path = ProfileViewController.swift; sourceTree = "<group>"; };
		8F83109F28E4D0C300BA471F /* SingleImageViewController.swift */ = {isa = PBXFileReference; lastKnownFileType = sourcecode.swift; path = SingleImageViewController.swift; sourceTree = "<group>"; };
		8FB291B42902C12000A53129 /* AuthConfiguration.swift */ = {isa = PBXFileReference; lastKnownFileType = sourcecode.swift; path = AuthConfiguration.swift; sourceTree = "<group>"; };
		8FB291B82902DA2100A53129 /* OAuth2Service.swift */ = {isa = PBXFileReference; lastKnownFileType = sourcecode.swift; path = OAuth2Service.swift; sourceTree = "<group>"; };
		8FB291BA2902DA4C00A53129 /* OAuth2TokenStorage.swift */ = {isa = PBXFileReference; lastKnownFileType = sourcecode.swift; path = OAuth2TokenStorage.swift; sourceTree = "<group>"; };
		8FB291BD2902DAB100A53129 /* SplashViewController.swift */ = {isa = PBXFileReference; lastKnownFileType = sourcecode.swift; path = SplashViewController.swift; sourceTree = "<group>"; };
		CA73A82A2987131B0010E04D /* Image FeedTests.xctest */ = {isa = PBXFileReference; explicitFileType = wrapper.cfbundle; includeInIndex = 0; path = "Image FeedTests.xctest"; sourceTree = BUILT_PRODUCTS_DIR; };
		CA73A82C2987131B0010E04D /* WebViewTests.swift */ = {isa = PBXFileReference; lastKnownFileType = sourcecode.swift; path = WebViewTests.swift; sourceTree = "<group>"; };
		CA73A833298713B20010E04D /* WebViewPresenterSpy.swift */ = {isa = PBXFileReference; lastKnownFileType = sourcecode.swift; path = WebViewPresenterSpy.swift; sourceTree = "<group>"; };
		CA73A835298713D30010E04D /* WebViewViewControllerSpy.swift */ = {isa = PBXFileReference; lastKnownFileType = sourcecode.swift; path = WebViewViewControllerSpy.swift; sourceTree = "<group>"; };
		CA73A837298714080010E04D /* ProfileViewTests.swift */ = {isa = PBXFileReference; lastKnownFileType = sourcecode.swift; path = ProfileViewTests.swift; sourceTree = "<group>"; };
		CA73A839298714660010E04D /* AuthHelper.swift */ = {isa = PBXFileReference; lastKnownFileType = sourcecode.swift; path = AuthHelper.swift; sourceTree = "<group>"; };
		CA73A83B2987148E0010E04D /* AnimationsHelper.swift */ = {isa = PBXFileReference; lastKnownFileType = sourcecode.swift; path = AnimationsHelper.swift; sourceTree = "<group>"; };
		CA73A83D298715CD0010E04D /* WebViewPresenter.swift */ = {isa = PBXFileReference; lastKnownFileType = sourcecode.swift; path = WebViewPresenter.swift; sourceTree = "<group>"; };
		CA73A83F29871AB60010E04D /* ProfileViewPresenter.swift */ = {isa = PBXFileReference; lastKnownFileType = sourcecode.swift; path = ProfileViewPresenter.swift; sourceTree = "<group>"; };
		CAA86CDE293E9CF900AB28D1 /* ApiErrorResponse.swift */ = {isa = PBXFileReference; fileEncoding = 4; lastKnownFileType = sourcecode.swift; path = ApiErrorResponse.swift; sourceTree = "<group>"; };
		CAA86CDF293E9CF900AB28D1 /* OAuthTokenResponseBody.swift */ = {isa = PBXFileReference; fileEncoding = 4; lastKnownFileType = sourcecode.swift; path = OAuthTokenResponseBody.swift; sourceTree = "<group>"; };
		CAB6642B296E121B00D782A8 /* ImageURL.swift */ = {isa = PBXFileReference; lastKnownFileType = sourcecode.swift; path = ImageURL.swift; sourceTree = "<group>"; };
		CAB6642D296E12CC00D782A8 /* Photo.swift */ = {isa = PBXFileReference; lastKnownFileType = sourcecode.swift; path = Photo.swift; sourceTree = "<group>"; };
		CAB6642F296E131D00D782A8 /* PhotoResult.swift */ = {isa = PBXFileReference; lastKnownFileType = sourcecode.swift; path = PhotoResult.swift; sourceTree = "<group>"; };
		CAB66497296E1B9100D782A8 /* ProfileImage.swift */ = {isa = PBXFileReference; fileEncoding = 4; lastKnownFileType = sourcecode.swift; path = ProfileImage.swift; sourceTree = "<group>"; };
		CAB66498296E1B9100D782A8 /* ProfileResult.swift */ = {isa = PBXFileReference; fileEncoding = 4; lastKnownFileType = sourcecode.swift; path = ProfileResult.swift; sourceTree = "<group>"; };
		CAB66499296E1B9100D782A8 /* LikedPhotoResult.swift */ = {isa = PBXFileReference; fileEncoding = 4; lastKnownFileType = sourcecode.swift; path = LikedPhotoResult.swift; sourceTree = "<group>"; };
		CAB6649A296E1B9100D782A8 /* UserResult.swift */ = {isa = PBXFileReference; fileEncoding = 4; lastKnownFileType = sourcecode.swift; path = UserResult.swift; sourceTree = "<group>"; };
		CAB6649B296E1B9100D782A8 /* Profile.swift */ = {isa = PBXFileReference; fileEncoding = 4; lastKnownFileType = sourcecode.swift; path = Profile.swift; sourceTree = "<group>"; };
		CAB664A1296E1E3D00D782A8 /* ImagesListService.swift */ = {isa = PBXFileReference; fileEncoding = 4; lastKnownFileType = sourcecode.swift; path = ImagesListService.swift; sourceTree = "<group>"; };
		CAD94D8F296774AA00D4C234 /* AlertPresenter.swift */ = {isa = PBXFileReference; lastKnownFileType = sourcecode.swift; path = AlertPresenter.swift; sourceTree = "<group>"; };
		CAD94D932967754A00D4C234 /* UIBlockingProgressHUD.swift */ = {isa = PBXFileReference; fileEncoding = 4; lastKnownFileType = sourcecode.swift; path = UIBlockingProgressHUD.swift; sourceTree = "<group>"; };
		CAD94D942967754A00D4C234 /* ConvertProfile.swift */ = {isa = PBXFileReference; fileEncoding = 4; lastKnownFileType = sourcecode.swift; path = ConvertProfile.swift; sourceTree = "<group>"; };
		CAD94D972967780B00D4C234 /* ProfileService.swift */ = {isa = PBXFileReference; lastKnownFileType = sourcecode.swift; path = ProfileService.swift; sourceTree = "<group>"; };
		CAD94D992967783300D4C234 /* ProfileImageService.swift */ = {isa = PBXFileReference; lastKnownFileType = sourcecode.swift; path = ProfileImageService.swift; sourceTree = "<group>"; };
/* End PBXFileReference section */

/* Begin PBXFrameworksBuildPhase section */
		7D9CFA3C28DDEE7F00D971A7 /* Frameworks */ = {
			isa = PBXFrameworksBuildPhase;
			buildActionMask = 2147483647;
			files = (
				CAD94D8B2967743D00D4C234 /* Kingfisher in Frameworks */,
				CAE51FCC294A6DB3001F0955 /* ProgressHUD in Frameworks */,
				CAD94D8E2967745700D4C234 /* SwiftKeychainWrapper in Frameworks */,
			);
			runOnlyForDeploymentPostprocessing = 0;
		};
		CA73A8272987131B0010E04D /* Frameworks */ = {
			isa = PBXFrameworksBuildPhase;
			buildActionMask = 2147483647;
			files = (
			);
			runOnlyForDeploymentPostprocessing = 0;
		};
/* End PBXFrameworksBuildPhase section */

/* Begin PBXGroup section */
		55063DAB28F724ED008782E1 /* Auth */ = {
			isa = PBXGroup;
			children = (
				55063DA928F724E6008782E1 /* AuthViewController.swift */,
				55063DAC28F72D48008782E1 /* WebViewViewController.swift */,
				CA73A83D298715CD0010E04D /* WebViewPresenter.swift */,
			);
			path = Auth;
			sourceTree = "<group>";
		};
		7D9CFA3628DDEE7F00D971A7 = {
			isa = PBXGroup;
			children = (
				7D9CFA4128DDEE7F00D971A7 /* Image Feed */,
				CA73A82B2987131B0010E04D /* Image FeedTests */,
				7D9CFA4028DDEE7F00D971A7 /* Products */,
			);
			sourceTree = "<group>";
		};
		7D9CFA4028DDEE7F00D971A7 /* Products */ = {
			isa = PBXGroup;
			children = (
				7D9CFA3F28DDEE7F00D971A7 /* Image Feed.app */,
				CA73A82A2987131B0010E04D /* Image FeedTests.xctest */,
			);
			name = Products;
			sourceTree = "<group>";
		};
		7D9CFA4128DDEE7F00D971A7 /* Image Feed */ = {
			isa = PBXGroup;
			children = (
				CAD94D91296774B000D4C234 /* Services */,
				CAD94D922967754A00D4C234 /* Helpers */,
				7D9CFA4228DDEE7F00D971A7 /* AppDelegate.swift */,
				7D9CFA4428DDEE7F00D971A7 /* SceneDelegate.swift */,
				8FB291B42902C12000A53129 /* AuthConfiguration.swift */,
				CAA86CDD293E9CF900AB28D1 /* Models */,
				8FB291B62902DA0000A53129 /* ServiceAccessLayer */,
				8FB291BC2902DAA200A53129 /* SplashViewController */,
				55063DAB28F724ED008782E1 /* Auth */,
				8F83109B28E459A800BA471F /* Profile */,
				7D9CFA5A28DDF66900D971A7 /* ImagesList */,
				8F83109E28E4D09B00BA471F /* SingleImageView */,
				7D9CFA4828DDEE7F00D971A7 /* Main.storyboard */,
				7D9CFA4B28DDEE8000D971A7 /* Assets.xcassets */,
				7D9CFA4D28DDEE8000D971A7 /* LaunchScreen.storyboard */,
				7D9CFA5028DDEE8000D971A7 /* Info.plist */,
			);
			path = "Image Feed";
			sourceTree = "<group>";
		};
		7D9CFA5A28DDF66900D971A7 /* ImagesList */ = {
			isa = PBXGroup;
			children = (
				7D3DFB1328DDF696005A13F3 /* ImagesListCell.swift */,
				7D3DFB1428DDF696005A13F3 /* ImagesListViewController.swift */,
				CAB664A1296E1E3D00D782A8 /* ImagesListService.swift */,
			);
			path = ImagesList;
			sourceTree = "<group>";
		};
		8F83109B28E459A800BA471F /* Profile */ = {
			isa = PBXGroup;
			children = (
				8F83109C28E459BD00BA471F /* ProfileViewController.swift */,
				CAD94D972967780B00D4C234 /* ProfileService.swift */,
				CAD94D992967783300D4C234 /* ProfileImageService.swift */,
				CA73A83F29871AB60010E04D /* ProfileViewPresenter.swift */,
			);
			path = Profile;
			sourceTree = "<group>";
		};
		8F83109E28E4D09B00BA471F /* SingleImageView */ = {
			isa = PBXGroup;
			children = (
				8F83109F28E4D0C300BA471F /* SingleImageViewController.swift */,
			);
			path = SingleImageView;
			sourceTree = "<group>";
		};
		8FB291B62902DA0000A53129 /* ServiceAccessLayer */ = {
			isa = PBXGroup;
			children = (
				8FB291B72902DA0E00A53129 /* OAuth2 */,
			);
			path = ServiceAccessLayer;
			sourceTree = "<group>";
		};
		8FB291B72902DA0E00A53129 /* OAuth2 */ = {
			isa = PBXGroup;
			children = (
				8FB291B82902DA2100A53129 /* OAuth2Service.swift */,
				8FB291BA2902DA4C00A53129 /* OAuth2TokenStorage.swift */,
			);
			path = OAuth2;
			sourceTree = "<group>";
		};
		8FB291BC2902DAA200A53129 /* SplashViewController */ = {
			isa = PBXGroup;
			children = (
				8FB291BD2902DAB100A53129 /* SplashViewController.swift */,
			);
			path = SplashViewController;
			sourceTree = "<group>";
		};
		CA73A82B2987131B0010E04D /* Image FeedTests */ = {
			isa = PBXGroup;
			children = (
				CA73A82C2987131B0010E04D /* WebViewTests.swift */,
				CA73A833298713B20010E04D /* WebViewPresenterSpy.swift */,
				CA73A835298713D30010E04D /* WebViewViewControllerSpy.swift */,
				CA73A837298714080010E04D /* ProfileViewTests.swift */,
			);
			path = "Image FeedTests";
			sourceTree = "<group>";
		};
		CAA86CDD293E9CF900AB28D1 /* Models */ = {
			isa = PBXGroup;
			children = (
				CAA86CDE293E9CF900AB28D1 /* ApiErrorResponse.swift */,
				CAA86CDF293E9CF900AB28D1 /* OAuthTokenResponseBody.swift */,
				CAB6642B296E121B00D782A8 /* ImageURL.swift */,
				CAB6642D296E12CC00D782A8 /* Photo.swift */,
				CAB6642F296E131D00D782A8 /* PhotoResult.swift */,
				CAB66499296E1B9100D782A8 /* LikedPhotoResult.swift */,
				CAB6649B296E1B9100D782A8 /* Profile.swift */,
				CAB66497296E1B9100D782A8 /* ProfileImage.swift */,
				CAB66498296E1B9100D782A8 /* ProfileResult.swift */,
				CAB6649A296E1B9100D782A8 /* UserResult.swift */,
			);
			path = Models;
			sourceTree = "<group>";
		};
		CAD94D91296774B000D4C234 /* Services */ = {
			isa = PBXGroup;
			children = (
				CAD94D8F296774AA00D4C234 /* AlertPresenter.swift */,
			);
			path = Services;
			sourceTree = "<group>";
		};
		CAD94D922967754A00D4C234 /* Helpers */ = {
			isa = PBXGroup;
			children = (
				CAD94D932967754A00D4C234 /* UIBlockingProgressHUD.swift */,
				CAD94D942967754A00D4C234 /* ConvertProfile.swift */,
				CA73A839298714660010E04D /* AuthHelper.swift */,
				CA73A83B2987148E0010E04D /* AnimationsHelper.swift */,
			);
			path = Helpers;
			sourceTree = "<group>";
		};
/* End PBXGroup section */

/* Begin PBXNativeTarget section */
		7D9CFA3E28DDEE7F00D971A7 /* Image Feed */ = {
			isa = PBXNativeTarget;
			buildConfigurationList = 7D9CFA5328DDEE8000D971A7 /* Build configuration list for PBXNativeTarget "Image Feed" */;
			buildPhases = (
				7D9CFA3B28DDEE7F00D971A7 /* Sources */,
				7D9CFA3C28DDEE7F00D971A7 /* Frameworks */,
				7D9CFA3D28DDEE7F00D971A7 /* Resources */,
			);
			buildRules = (
			);
			dependencies = (
			);
			name = "Image Feed";
			packageProductDependencies = (
				CAE51FCB294A6DB3001F0955 /* ProgressHUD */,
				CAD94D8A2967743D00D4C234 /* Kingfisher */,
				CAD94D8D2967745700D4C234 /* SwiftKeychainWrapper */,
			);
			productName = "Image Feed";
			productReference = 7D9CFA3F28DDEE7F00D971A7 /* Image Feed.app */;
			productType = "com.apple.product-type.application";
		};
		CA73A8292987131B0010E04D /* Image FeedTests */ = {
			isa = PBXNativeTarget;
			buildConfigurationList = CA73A8322987131B0010E04D /* Build configuration list for PBXNativeTarget "Image FeedTests" */;
			buildPhases = (
				CA73A8262987131B0010E04D /* Sources */,
				CA73A8272987131B0010E04D /* Frameworks */,
				CA73A8282987131B0010E04D /* Resources */,
			);
			buildRules = (
			);
			dependencies = (
				CA73A82F2987131B0010E04D /* PBXTargetDependency */,
			);
			name = "Image FeedTests";
			productName = "Image FeedTests";
			productReference = CA73A82A2987131B0010E04D /* Image FeedTests.xctest */;
			productType = "com.apple.product-type.bundle.unit-test";
		};
/* End PBXNativeTarget section */

/* Begin PBXProject section */
		7D9CFA3728DDEE7F00D971A7 /* Project object */ = {
			isa = PBXProject;
			attributes = {
				BuildIndependentTargetsInParallel = 1;
				LastSwiftUpdateCheck = 1410;
				LastUpgradeCheck = 1340;
				TargetAttributes = {
					7D9CFA3E28DDEE7F00D971A7 = {
						CreatedOnToolsVersion = 13.4.1;
					};
					CA73A8292987131B0010E04D = {
						CreatedOnToolsVersion = 14.1;
						TestTargetID = 7D9CFA3E28DDEE7F00D971A7;
					};
				};
			};
			buildConfigurationList = 7D9CFA3A28DDEE7F00D971A7 /* Build configuration list for PBXProject "Image Feed" */;
			compatibilityVersion = "Xcode 13.0";
			developmentRegion = en;
			hasScannedForEncodings = 0;
			knownRegions = (
				en,
				Base,
			);
			mainGroup = 7D9CFA3628DDEE7F00D971A7;
			packageReferences = (
				CAE51FCA294A6DB3001F0955 /* XCRemoteSwiftPackageReference "ProgressHUD" */,
				CAD94D892967743D00D4C234 /* XCRemoteSwiftPackageReference "Kingfisher" */,
				CAD94D8C2967745700D4C234 /* XCRemoteSwiftPackageReference "SwiftKeychainWrapper" */,
			);
			productRefGroup = 7D9CFA4028DDEE7F00D971A7 /* Products */;
			projectDirPath = "";
			projectRoot = "";
			targets = (
				7D9CFA3E28DDEE7F00D971A7 /* Image Feed */,
				CA73A8292987131B0010E04D /* Image FeedTests */,
			);
		};
/* End PBXProject section */

/* Begin PBXResourcesBuildPhase section */
		7D9CFA3D28DDEE7F00D971A7 /* Resources */ = {
			isa = PBXResourcesBuildPhase;
			buildActionMask = 2147483647;
			files = (
				7D9CFA4F28DDEE8000D971A7 /* LaunchScreen.storyboard in Resources */,
				7D9CFA4C28DDEE8000D971A7 /* Assets.xcassets in Resources */,
				7D9CFA4A28DDEE7F00D971A7 /* Main.storyboard in Resources */,
			);
			runOnlyForDeploymentPostprocessing = 0;
		};
		CA73A8282987131B0010E04D /* Resources */ = {
			isa = PBXResourcesBuildPhase;
			buildActionMask = 2147483647;
			files = (
			);
			runOnlyForDeploymentPostprocessing = 0;
		};
/* End PBXResourcesBuildPhase section */

/* Begin PBXSourcesBuildPhase section */
		7D9CFA3B28DDEE7F00D971A7 /* Sources */ = {
			isa = PBXSourcesBuildPhase;
			buildActionMask = 2147483647;
			files = (
				CAB6642E296E12CC00D782A8 /* Photo.swift in Sources */,
				CAB6649F296E1B9100D782A8 /* UserResult.swift in Sources */,
				7D9CFA4328DDEE7F00D971A7 /* AppDelegate.swift in Sources */,
				7D9CFA4528DDEE7F00D971A7 /* SceneDelegate.swift in Sources */,
				8F83109D28E459BD00BA471F /* ProfileViewController.swift in Sources */,
				CAD94D9B2967794F00D4C234 /* ConvertProfile.swift in Sources */,
				CA73A83C2987148E0010E04D /* AnimationsHelper.swift in Sources */,
				CAD94D952967754A00D4C234 /* UIBlockingProgressHUD.swift in Sources */,
				8FB291BE2902DAB100A53129 /* SplashViewController.swift in Sources */,
				CAA86CE0293E9CF900AB28D1 /* ApiErrorResponse.swift in Sources */,
				CAD94D90296774AA00D4C234 /* AlertPresenter.swift in Sources */,
				55063DAA28F724E6008782E1 /* AuthViewController.swift in Sources */,
				8FB291BB2902DA4C00A53129 /* OAuth2TokenStorage.swift in Sources */,
				CAB66430296E131D00D782A8 /* PhotoResult.swift in Sources */,
				7D3DFB1628DDF696005A13F3 /* ImagesListViewController.swift in Sources */,
				CA73A83A298714660010E04D /* AuthHelper.swift in Sources */,
				CAD94D9A2967783300D4C234 /* ProfileImageService.swift in Sources */,
				CAD94D982967780B00D4C234 /* ProfileService.swift in Sources */,
				CAB6649E296E1B9100D782A8 /* LikedPhotoResult.swift in Sources */,
				8F8310A028E4D0C300BA471F /* SingleImageViewController.swift in Sources */,
				CAB6642C296E121B00D782A8 /* ImageURL.swift in Sources */,
				55063DAD28F72D48008782E1 /* WebViewViewController.swift in Sources */,
				CAB6649C296E1B9100D782A8 /* ProfileImage.swift in Sources */,
				CAA86CE1293E9CF900AB28D1 /* OAuthTokenResponseBody.swift in Sources */,
				CA73A83E298715CD0010E04D /* WebViewPresenter.swift in Sources */,
				CA73A84029871AB60010E04D /* ProfileViewPresenter.swift in Sources */,
				7D3DFB1528DDF696005A13F3 /* ImagesListCell.swift in Sources */,
				8FB291B92902DA2100A53129 /* OAuth2Service.swift in Sources */,
				CAB6649D296E1B9100D782A8 /* ProfileResult.swift in Sources */,
				CAB664A2296E1E3D00D782A8 /* ImagesListService.swift in Sources */,
				CAB664A0296E1B9100D782A8 /* Profile.swift in Sources */,
				8FB291B52902C12000A53129 /* AuthConfiguration.swift in Sources */,
			);
			runOnlyForDeploymentPostprocessing = 0;
		};
		CA73A8262987131B0010E04D /* Sources */ = {
			isa = PBXSourcesBuildPhase;
			buildActionMask = 2147483647;
			files = (
				CA73A838298714080010E04D /* ProfileViewTests.swift in Sources */,
				CA73A82D2987131B0010E04D /* WebViewTests.swift in Sources */,
				CA73A836298713D30010E04D /* WebViewViewControllerSpy.swift in Sources */,
				CA73A834298713B20010E04D /* WebViewPresenterSpy.swift in Sources */,
			);
			runOnlyForDeploymentPostprocessing = 0;
		};
/* End PBXSourcesBuildPhase section */

/* Begin PBXTargetDependency section */
		CA73A82F2987131B0010E04D /* PBXTargetDependency */ = {
			isa = PBXTargetDependency;
			target = 7D9CFA3E28DDEE7F00D971A7 /* Image Feed */;
			targetProxy = CA73A82E2987131B0010E04D /* PBXContainerItemProxy */;
		};
/* End PBXTargetDependency section */

/* Begin PBXVariantGroup section */
		7D9CFA4828DDEE7F00D971A7 /* Main.storyboard */ = {
			isa = PBXVariantGroup;
			children = (
				7D9CFA4928DDEE7F00D971A7 /* Base */,
			);
			name = Main.storyboard;
			sourceTree = "<group>";
		};
		7D9CFA4D28DDEE8000D971A7 /* LaunchScreen.storyboard */ = {
			isa = PBXVariantGroup;
			children = (
				7D9CFA4E28DDEE8000D971A7 /* Base */,
			);
			name = LaunchScreen.storyboard;
			sourceTree = "<group>";
		};
/* End PBXVariantGroup section */

/* Begin XCBuildConfiguration section */
		7D9CFA5128DDEE8000D971A7 /* Debug */ = {
			isa = XCBuildConfiguration;
			buildSettings = {
				ALWAYS_SEARCH_USER_PATHS = NO;
				CLANG_ANALYZER_NONNULL = YES;
				CLANG_ANALYZER_NUMBER_OBJECT_CONVERSION = YES_AGGRESSIVE;
				CLANG_CXX_LANGUAGE_STANDARD = "gnu++17";
				CLANG_ENABLE_MODULES = YES;
				CLANG_ENABLE_OBJC_ARC = YES;
				CLANG_ENABLE_OBJC_WEAK = YES;
				CLANG_WARN_BLOCK_CAPTURE_AUTORELEASING = YES;
				CLANG_WARN_BOOL_CONVERSION = YES;
				CLANG_WARN_COMMA = YES;
				CLANG_WARN_CONSTANT_CONVERSION = YES;
				CLANG_WARN_DEPRECATED_OBJC_IMPLEMENTATIONS = YES;
				CLANG_WARN_DIRECT_OBJC_ISA_USAGE = YES_ERROR;
				CLANG_WARN_DOCUMENTATION_COMMENTS = YES;
				CLANG_WARN_EMPTY_BODY = YES;
				CLANG_WARN_ENUM_CONVERSION = YES;
				CLANG_WARN_INFINITE_RECURSION = YES;
				CLANG_WARN_INT_CONVERSION = YES;
				CLANG_WARN_NON_LITERAL_NULL_CONVERSION = YES;
				CLANG_WARN_OBJC_IMPLICIT_RETAIN_SELF = YES;
				CLANG_WARN_OBJC_LITERAL_CONVERSION = YES;
				CLANG_WARN_OBJC_ROOT_CLASS = YES_ERROR;
				CLANG_WARN_QUOTED_INCLUDE_IN_FRAMEWORK_HEADER = YES;
				CLANG_WARN_RANGE_LOOP_ANALYSIS = YES;
				CLANG_WARN_STRICT_PROTOTYPES = YES;
				CLANG_WARN_SUSPICIOUS_MOVE = YES;
				CLANG_WARN_UNGUARDED_AVAILABILITY = YES_AGGRESSIVE;
				CLANG_WARN_UNREACHABLE_CODE = YES;
				CLANG_WARN__DUPLICATE_METHOD_MATCH = YES;
				COPY_PHASE_STRIP = NO;
				DEBUG_INFORMATION_FORMAT = dwarf;
				ENABLE_STRICT_OBJC_MSGSEND = YES;
				ENABLE_TESTABILITY = YES;
				GCC_C_LANGUAGE_STANDARD = gnu11;
				GCC_DYNAMIC_NO_PIC = NO;
				GCC_NO_COMMON_BLOCKS = YES;
				GCC_OPTIMIZATION_LEVEL = 0;
				GCC_PREPROCESSOR_DEFINITIONS = (
					"DEBUG=1",
					"$(inherited)",
				);
				GCC_WARN_64_TO_32_BIT_CONVERSION = YES;
				GCC_WARN_ABOUT_RETURN_TYPE = YES_ERROR;
				GCC_WARN_UNDECLARED_SELECTOR = YES;
				GCC_WARN_UNINITIALIZED_AUTOS = YES_AGGRESSIVE;
				GCC_WARN_UNUSED_FUNCTION = YES;
				GCC_WARN_UNUSED_VARIABLE = YES;
				IPHONEOS_DEPLOYMENT_TARGET = 13.0;
				MTL_ENABLE_DEBUG_INFO = INCLUDE_SOURCE;
				MTL_FAST_MATH = YES;
				ONLY_ACTIVE_ARCH = YES;
				SDKROOT = iphoneos;
				SWIFT_ACTIVE_COMPILATION_CONDITIONS = DEBUG;
				SWIFT_OPTIMIZATION_LEVEL = "-Onone";
			};
			name = Debug;
		};
		7D9CFA5228DDEE8000D971A7 /* Release */ = {
			isa = XCBuildConfiguration;
			buildSettings = {
				ALWAYS_SEARCH_USER_PATHS = NO;
				CLANG_ANALYZER_NONNULL = YES;
				CLANG_ANALYZER_NUMBER_OBJECT_CONVERSION = YES_AGGRESSIVE;
				CLANG_CXX_LANGUAGE_STANDARD = "gnu++17";
				CLANG_ENABLE_MODULES = YES;
				CLANG_ENABLE_OBJC_ARC = YES;
				CLANG_ENABLE_OBJC_WEAK = YES;
				CLANG_WARN_BLOCK_CAPTURE_AUTORELEASING = YES;
				CLANG_WARN_BOOL_CONVERSION = YES;
				CLANG_WARN_COMMA = YES;
				CLANG_WARN_CONSTANT_CONVERSION = YES;
				CLANG_WARN_DEPRECATED_OBJC_IMPLEMENTATIONS = YES;
				CLANG_WARN_DIRECT_OBJC_ISA_USAGE = YES_ERROR;
				CLANG_WARN_DOCUMENTATION_COMMENTS = YES;
				CLANG_WARN_EMPTY_BODY = YES;
				CLANG_WARN_ENUM_CONVERSION = YES;
				CLANG_WARN_INFINITE_RECURSION = YES;
				CLANG_WARN_INT_CONVERSION = YES;
				CLANG_WARN_NON_LITERAL_NULL_CONVERSION = YES;
				CLANG_WARN_OBJC_IMPLICIT_RETAIN_SELF = YES;
				CLANG_WARN_OBJC_LITERAL_CONVERSION = YES;
				CLANG_WARN_OBJC_ROOT_CLASS = YES_ERROR;
				CLANG_WARN_QUOTED_INCLUDE_IN_FRAMEWORK_HEADER = YES;
				CLANG_WARN_RANGE_LOOP_ANALYSIS = YES;
				CLANG_WARN_STRICT_PROTOTYPES = YES;
				CLANG_WARN_SUSPICIOUS_MOVE = YES;
				CLANG_WARN_UNGUARDED_AVAILABILITY = YES_AGGRESSIVE;
				CLANG_WARN_UNREACHABLE_CODE = YES;
				CLANG_WARN__DUPLICATE_METHOD_MATCH = YES;
				COPY_PHASE_STRIP = NO;
				DEBUG_INFORMATION_FORMAT = "dwarf-with-dsym";
				ENABLE_NS_ASSERTIONS = NO;
				ENABLE_STRICT_OBJC_MSGSEND = YES;
				GCC_C_LANGUAGE_STANDARD = gnu11;
				GCC_NO_COMMON_BLOCKS = YES;
				GCC_WARN_64_TO_32_BIT_CONVERSION = YES;
				GCC_WARN_ABOUT_RETURN_TYPE = YES_ERROR;
				GCC_WARN_UNDECLARED_SELECTOR = YES;
				GCC_WARN_UNINITIALIZED_AUTOS = YES_AGGRESSIVE;
				GCC_WARN_UNUSED_FUNCTION = YES;
				GCC_WARN_UNUSED_VARIABLE = YES;
				IPHONEOS_DEPLOYMENT_TARGET = 13.0;
				MTL_ENABLE_DEBUG_INFO = NO;
				MTL_FAST_MATH = YES;
				SDKROOT = iphoneos;
				SWIFT_COMPILATION_MODE = wholemodule;
				SWIFT_OPTIMIZATION_LEVEL = "-O";
				VALIDATE_PRODUCT = YES;
			};
			name = Release;
		};
		7D9CFA5428DDEE8000D971A7 /* Debug */ = {
			isa = XCBuildConfiguration;
			buildSettings = {
				ASSETCATALOG_COMPILER_APPICON_NAME = AppIcon;
				ASSETCATALOG_COMPILER_GLOBAL_ACCENT_COLOR_NAME = AccentColor;
				CODE_SIGN_STYLE = Automatic;
				CURRENT_PROJECT_VERSION = 1;
				DEVELOPMENT_TEAM = "";
				GENERATE_INFOPLIST_FILE = YES;
				INFOPLIST_FILE = "Image Feed/Info.plist";
				INFOPLIST_KEY_UIApplicationSupportsIndirectInputEvents = YES;
				INFOPLIST_KEY_UILaunchStoryboardName = LaunchScreen;
				INFOPLIST_KEY_UIMainStoryboardFile = Main;
				INFOPLIST_KEY_UISupportedInterfaceOrientations = UIInterfaceOrientationPortrait;
				INFOPLIST_KEY_UISupportedInterfaceOrientations_iPad = "UIInterfaceOrientationPortrait UIInterfaceOrientationPortraitUpsideDown UIInterfaceOrientationLandscapeLeft UIInterfaceOrientationLandscapeRight";
				INFOPLIST_KEY_UISupportedInterfaceOrientations_iPhone = UIInterfaceOrientationPortrait;
				LD_RUNPATH_SEARCH_PATHS = (
					"$(inherited)",
					"@executable_path/Frameworks",
				);
				MARKETING_VERSION = 1.0;
				PRODUCT_BUNDLE_IDENTIFIER = "ru.praktikum.Image-Feed";
				PRODUCT_NAME = "$(TARGET_NAME)";
				SWIFT_EMIT_LOC_STRINGS = YES;
				SWIFT_VERSION = 5.0;
				TARGETED_DEVICE_FAMILY = 1;
			};
			name = Debug;
		};
		7D9CFA5528DDEE8000D971A7 /* Release */ = {
			isa = XCBuildConfiguration;
			buildSettings = {
				ASSETCATALOG_COMPILER_APPICON_NAME = AppIcon;
				ASSETCATALOG_COMPILER_GLOBAL_ACCENT_COLOR_NAME = AccentColor;
				CODE_SIGN_STYLE = Automatic;
				CURRENT_PROJECT_VERSION = 1;
				DEVELOPMENT_TEAM = "";
				GENERATE_INFOPLIST_FILE = YES;
				INFOPLIST_FILE = "Image Feed/Info.plist";
				INFOPLIST_KEY_UIApplicationSupportsIndirectInputEvents = YES;
				INFOPLIST_KEY_UILaunchStoryboardName = LaunchScreen;
				INFOPLIST_KEY_UIMainStoryboardFile = Main;
				INFOPLIST_KEY_UISupportedInterfaceOrientations = UIInterfaceOrientationPortrait;
				INFOPLIST_KEY_UISupportedInterfaceOrientations_iPad = "UIInterfaceOrientationPortrait UIInterfaceOrientationPortraitUpsideDown UIInterfaceOrientationLandscapeLeft UIInterfaceOrientationLandscapeRight";
				INFOPLIST_KEY_UISupportedInterfaceOrientations_iPhone = UIInterfaceOrientationPortrait;
				LD_RUNPATH_SEARCH_PATHS = (
					"$(inherited)",
					"@executable_path/Frameworks",
				);
				MARKETING_VERSION = 1.0;
				PRODUCT_BUNDLE_IDENTIFIER = "ru.praktikum.Image-Feed";
				PRODUCT_NAME = "$(TARGET_NAME)";
				SWIFT_EMIT_LOC_STRINGS = YES;
				SWIFT_VERSION = 5.0;
				TARGETED_DEVICE_FAMILY = 1;
			};
			name = Release;
		};
		CA73A8302987131B0010E04D /* Debug */ = {
			isa = XCBuildConfiguration;
			buildSettings = {
				BUNDLE_LOADER = "$(TEST_HOST)";
				CLANG_CXX_LANGUAGE_STANDARD = "gnu++20";
				CODE_SIGN_STYLE = Automatic;
				CURRENT_PROJECT_VERSION = 1;
				GENERATE_INFOPLIST_FILE = YES;
				IPHONEOS_DEPLOYMENT_TARGET = 16.1;
				MARKETING_VERSION = 1.0;
				PRODUCT_BUNDLE_IDENTIFIER = "ru.sadchill.Image-FeedTests";
				PRODUCT_NAME = "$(TARGET_NAME)";
				SWIFT_EMIT_LOC_STRINGS = NO;
				SWIFT_VERSION = 5.0;
				TARGETED_DEVICE_FAMILY = "1,2";
				TEST_HOST = "$(BUILT_PRODUCTS_DIR)/Image Feed.app/$(BUNDLE_EXECUTABLE_FOLDER_PATH)/Image Feed";
			};
			name = Debug;
		};
		CA73A8312987131B0010E04D /* Release */ = {
			isa = XCBuildConfiguration;
			buildSettings = {
				BUNDLE_LOADER = "$(TEST_HOST)";
				CLANG_CXX_LANGUAGE_STANDARD = "gnu++20";
				CODE_SIGN_STYLE = Automatic;
				CURRENT_PROJECT_VERSION = 1;
				GENERATE_INFOPLIST_FILE = YES;
				IPHONEOS_DEPLOYMENT_TARGET = 16.1;
				MARKETING_VERSION = 1.0;
				PRODUCT_BUNDLE_IDENTIFIER = "ru.sadchill.Image-FeedTests";
				PRODUCT_NAME = "$(TARGET_NAME)";
				SWIFT_EMIT_LOC_STRINGS = NO;
				SWIFT_VERSION = 5.0;
				TARGETED_DEVICE_FAMILY = "1,2";
				TEST_HOST = "$(BUILT_PRODUCTS_DIR)/Image Feed.app/$(BUNDLE_EXECUTABLE_FOLDER_PATH)/Image Feed";
			};
			name = Release;
		};
/* End XCBuildConfiguration section */

/* Begin XCConfigurationList section */
		7D9CFA3A28DDEE7F00D971A7 /* Build configuration list for PBXProject "Image Feed" */ = {
			isa = XCConfigurationList;
			buildConfigurations = (
				7D9CFA5128DDEE8000D971A7 /* Debug */,
				7D9CFA5228DDEE8000D971A7 /* Release */,
			);
			defaultConfigurationIsVisible = 0;
			defaultConfigurationName = Release;
		};
		7D9CFA5328DDEE8000D971A7 /* Build configuration list for PBXNativeTarget "Image Feed" */ = {
			isa = XCConfigurationList;
			buildConfigurations = (
				7D9CFA5428DDEE8000D971A7 /* Debug */,
				7D9CFA5528DDEE8000D971A7 /* Release */,
			);
			defaultConfigurationIsVisible = 0;
			defaultConfigurationName = Release;
		};
		CA73A8322987131B0010E04D /* Build configuration list for PBXNativeTarget "Image FeedTests" */ = {
			isa = XCConfigurationList;
			buildConfigurations = (
				CA73A8302987131B0010E04D /* Debug */,
				CA73A8312987131B0010E04D /* Release */,
			);
			defaultConfigurationIsVisible = 0;
			defaultConfigurationName = Release;
		};
/* End XCConfigurationList section */

/* Begin XCRemoteSwiftPackageReference section */
		CAD94D892967743D00D4C234 /* XCRemoteSwiftPackageReference "Kingfisher" */ = {
			isa = XCRemoteSwiftPackageReference;
			repositoryURL = "https://github.com/onevcat/Kingfisher";
			requirement = {
				kind = upToNextMajorVersion;
				minimumVersion = 7.0.0;
			};
		};
		CAD94D8C2967745700D4C234 /* XCRemoteSwiftPackageReference "SwiftKeychainWrapper" */ = {
			isa = XCRemoteSwiftPackageReference;
			repositoryURL = "https://github.com/jrendel/SwiftKeychainWrapper";
			requirement = {
				kind = upToNextMajorVersion;
				minimumVersion = 4.0.0;
			};
		};
		CAE51FCA294A6DB3001F0955 /* XCRemoteSwiftPackageReference "ProgressHUD" */ = {
			isa = XCRemoteSwiftPackageReference;
			repositoryURL = "https://github.com/relatedcode/ProgressHUD";
			requirement = {
				kind = upToNextMajorVersion;
				minimumVersion = 13.0.0;
			};
		};
/* End XCRemoteSwiftPackageReference section */

/* Begin XCSwiftPackageProductDependency section */
		CAD94D8A2967743D00D4C234 /* Kingfisher */ = {
			isa = XCSwiftPackageProductDependency;
			package = CAD94D892967743D00D4C234 /* XCRemoteSwiftPackageReference "Kingfisher" */;
			productName = Kingfisher;
		};
		CAD94D8D2967745700D4C234 /* SwiftKeychainWrapper */ = {
			isa = XCSwiftPackageProductDependency;
			package = CAD94D8C2967745700D4C234 /* XCRemoteSwiftPackageReference "SwiftKeychainWrapper" */;
			productName = SwiftKeychainWrapper;
		};
		CAE51FCB294A6DB3001F0955 /* ProgressHUD */ = {
			isa = XCSwiftPackageProductDependency;
			package = CAE51FCA294A6DB3001F0955 /* XCRemoteSwiftPackageReference "ProgressHUD" */;
			productName = ProgressHUD;
		};
/* End XCSwiftPackageProductDependency section */
	};
	rootObject = 7D9CFA3728DDEE7F00D971A7 /* Project object */;
}
